cloud.google.com/go v0.110.2 h1:sdFPBr6xG9/wkBbfhmUz/JmZC7X6LavQgcrVINrKiVA=
cloud.google.com/go v0.110.2/go.mod h1:k04UEeEtb6ZBRTv3dZz4CeJC3jKGxyhl0sAiVVquxiw=
cloud.google.com/go/spanner v1.45.0 h1:7VdjZ8zj4sHbDw55atp5dfY6kn1j9sam9DRNpPQhqR4=
cloud.google.com/go/spanner v1.45.0/go.mod h1:FIws5LowYz8YAE1J8fOS7DJup8ff7xJeetWEo5REA2M=
github.com/google/go-cmp v0.5.9 h1:O2Tfq5qg4qc4AmwVlvv0oLiVAGB7enBSJ2x2DqQFi38=
github.com/rinchsan/gosimports v0.3.8 h1:X4Pb9yFf6teHvogorT04yK/0W2Df7eHO79biCcYrA4c=
github.com/rinchsan/gosimports v0.3.8/go.mod h1:t0567k69sUHjLvJMPDsV31THZC+8UIbY1oL7NW+0I2c=
golang.org/x/mod v0.9.0 h1:KENHtAZL2y3NLMYZeHY9DW8HW8V+kQyJsY/V9JlKvCs=
golang.org/x/mod v0.9.0/go.mod h1:iBbtSCu2XBx23ZKBPSOrRkjjQPZFPuis4dIYUhu/chs=
golang.org/x/sync v0.1.0 h1:wsuoTGHzEhffawBOhz5CYhcrV4IdKZbEyZjBMuTp12o=
golang.org/x/sync v0.1.0/go.mod h1:RxMgew5VJxzue5/jJTE5uejpjVlOe/izrB70Jof72aM=
golang.org/x/sys v0.7.0 h1:3jlCCIQZPdOYu1h8BkNvLz8Kgwtae2cagcG/VamtZRU=
golang.org/x/sys v0.7.0/go.mod h1:oPkhp1MJrh7nUepCBck5+mAzfO9JrbApNNgaTdGDITg=
golang.org/x/tools v0.7.0 h1:W4OVu8VVOaIO0yzWMNdepAulS7YfoS3Zabrm8DOXXU4=
golang.org/x/tools v0.7.0/go.mod h1:4pg6aUX35JBAogB10C9AtvVL+qowtN4pT3CGSQex14s=
